
Microsoft Visual Studio Solution File, Format Version 12.00
# Visual Studio Version 16
VisualStudioVersion = 16.0.31702.278
MinimumVisualStudioVersion = 10.0.40219.1
Project("{FAE04EC0-301F-11D3-BF4B-00C04F79EFBC}") = "DeleteFile", "DeleteFile.csproj", "{264543F6-6173-4D21-B88A-9ABFE5645D97}"
EndProject
Global
	GlobalSection(SolutionConfigurationPlatforms) = preSolution
		Debug|Any CPU = Debug|Any CPU
		Release|Any CPU = Release|Any CPU
	EndGlobalSection
	GlobalSection(ProjectConfigurationPlatforms) = postSolution
		{264543F6-6173-4D21-B88A-9ABFE5645D97}.Debug|Any CPU.ActiveCfg = Debug|Any CPU
		{264543F6-6173-4D21-B88A-9ABFE5645D97}.Debug|Any CPU.Build.0 = Debug|Any CPU
		{264543F6-6173-4D21-B88A-9ABFE5645D97}.Release|Any CPU.ActiveCfg = Release|Any CPU
		{264543F6-6173-4D21-B88A-9ABFE5645D97}.Release|Any CPU.Build.0 = Release|Any CPU
	EndGlobalSection
	GlobalSection(SolutionProperties) = preSolution
		HideSolutionNode = FALSE
	EndGlobalSection
	GlobalSection(ExtensibilityGlobals) = postSolution
		SolutionGuid = {230B2E44-0C5B-4845-8932-C0B69A5B1553}
	EndGlobalSection
EndGlobal
